
Microsoft Visual Studio Solution File, Format Version 12.00
# Visual Studio Version 17
VisualStudioVersion = 17.0.31903.59
MinimumVisualStudioVersion = 10.0.40219.1
Project("{FAE04EC0-301F-11D3-BF4B-00C04F79EFBC}") = "API", "API\API.csproj", "{AC896398-3134-4BF0-9354-196803C6ACDD}"
EndProject
Project("{FAE04EC0-301F-11D3-BF4B-00C04F79EFBC}") = "Application", "Application\Application.csproj", "{FDFF4880-B883-40EA-B2D4-69FC72C2AD28}"
EndProject
Project("{FAE04EC0-301F-11D3-BF4B-00C04F79EFBC}") = "Domain", "Domain\Domain.csproj", "{BDF9CFA2-D7D9-443A-8DF6-DBA8BA003887}"
EndProject
Project("{FAE04EC0-301F-11D3-BF4B-00C04F79EFBC}") = "Persistence", "Persistence\Persistence.csproj", "{B4415284-97A8-4B85-9FA6-7452C62B0233}"
EndProject
Project("{FAE04EC0-301F-11D3-BF4B-00C04F79EFBC}") = "Infrastructure", "Infrastructure\Infrastructure.csproj", "{224AFDC7-4CD9-4E0A-828F-B04D5CFF7B1D}"
EndProject
Global
	GlobalSection(SolutionConfigurationPlatforms) = preSolution
		Debug|Any CPU = Debug|Any CPU
		Release|Any CPU = Release|Any CPU
	EndGlobalSection
	GlobalSection(SolutionProperties) = preSolution
		HideSolutionNode = FALSE
	EndGlobalSection
	GlobalSection(ProjectConfigurationPlatforms) = postSolution
		{AC896398-3134-4BF0-9354-196803C6ACDD}.Debug|Any CPU.ActiveCfg = Debug|Any CPU
		{AC896398-3134-4BF0-9354-196803C6ACDD}.Debug|Any CPU.Build.0 = Debug|Any CPU
		{AC896398-3134-4BF0-9354-196803C6ACDD}.Release|Any CPU.ActiveCfg = Release|Any CPU
		{AC896398-3134-4BF0-9354-196803C6ACDD}.Release|Any CPU.Build.0 = Release|Any CPU
		{FDFF4880-B883-40EA-B2D4-69FC72C2AD28}.Debug|Any CPU.ActiveCfg = Debug|Any CPU
		{FDFF4880-B883-40EA-B2D4-69FC72C2AD28}.Debug|Any CPU.Build.0 = Debug|Any CPU
		{FDFF4880-B883-40EA-B2D4-69FC72C2AD28}.Release|Any CPU.ActiveCfg = Release|Any CPU
		{FDFF4880-B883-40EA-B2D4-69FC72C2AD28}.Release|Any CPU.Build.0 = Release|Any CPU
		{BDF9CFA2-D7D9-443A-8DF6-DBA8BA003887}.Debug|Any CPU.ActiveCfg = Debug|Any CPU
		{BDF9CFA2-D7D9-443A-8DF6-DBA8BA003887}.Debug|Any CPU.Build.0 = Debug|Any CPU
		{BDF9CFA2-D7D9-443A-8DF6-DBA8BA003887}.Release|Any CPU.ActiveCfg = Release|Any CPU
		{BDF9CFA2-D7D9-443A-8DF6-DBA8BA003887}.Release|Any CPU.Build.0 = Release|Any CPU
		{B4415284-97A8-4B85-9FA6-7452C62B0233}.Debug|Any CPU.ActiveCfg = Debug|Any CPU
		{B4415284-97A8-4B85-9FA6-7452C62B0233}.Debug|Any CPU.Build.0 = Debug|Any CPU
		{B4415284-97A8-4B85-9FA6-7452C62B0233}.Release|Any CPU.ActiveCfg = Release|Any CPU
		{B4415284-97A8-4B85-9FA6-7452C62B0233}.Release|Any CPU.Build.0 = Release|Any CPU
		{224AFDC7-4CD9-4E0A-828F-B04D5CFF7B1D}.Debug|Any CPU.ActiveCfg = Debug|Any CPU
		{224AFDC7-4CD9-4E0A-828F-B04D5CFF7B1D}.Debug|Any CPU.Build.0 = Debug|Any CPU
		{224AFDC7-4CD9-4E0A-828F-B04D5CFF7B1D}.Release|Any CPU.ActiveCfg = Release|Any CPU
		{224AFDC7-4CD9-4E0A-828F-B04D5CFF7B1D}.Release|Any CPU.Build.0 = Release|Any CPU
	EndGlobalSection
EndGlobal
